
Microsoft Visual Studio Solution File, Format Version 12.00
# Visual Studio Version 16
VisualStudioVersion = 16.0.29609.76
MinimumVisualStudioVersion = 10.0.40219.1
Project("{8BC9CEB8-8B4A-11D0-8D11-00A0C91BC942}") = "Game_of_life", "Game_of_life\Game_of_life.vcxproj", "{3B407BD6-F634-43BC-8AE8-F0D8B8B63B99}"
EndProject
Project("{8BC9CEB8-8B4A-11D0-8D11-00A0C91BC942}") = "Test-1", "Test-1\Test-1.vcxproj", "{7A6F5616-F869-461F-A821-AF7B80B371C9}"
EndProject
Global
	GlobalSection(SolutionConfigurationPlatforms) = preSolution
		Debug|x64 = Debug|x64
		Debug|x86 = Debug|x86
		Release|x64 = Release|x64
		Release|x86 = Release|x86
	EndGlobalSection
	GlobalSection(ProjectConfigurationPlatforms) = postSolution
		{3B407BD6-F634-43BC-8AE8-F0D8B8B63B99}.Debug|x64.ActiveCfg = Debug|x64
		{3B407BD6-F634-43BC-8AE8-F0D8B8B63B99}.Debug|x64.Build.0 = Debug|x64
		{3B407BD6-F634-43BC-8AE8-F0D8B8B63B99}.Debug|x86.ActiveCfg = Debug|Win32
		{3B407BD6-F634-43BC-8AE8-F0D8B8B63B99}.Debug|x86.Build.0 = Debug|Win32
		{3B407BD6-F634-43BC-8AE8-F0D8B8B63B99}.Release|x64.ActiveCfg = Release|x64
		{3B407BD6-F634-43BC-8AE8-F0D8B8B63B99}.Release|x64.Build.0 = Release|x64
		{3B407BD6-F634-43BC-8AE8-F0D8B8B63B99}.Release|x86.ActiveCfg = Release|Win32
		{3B407BD6-F634-43BC-8AE8-F0D8B8B63B99}.Release|x86.Build.0 = Release|Win32
		{7A6F5616-F869-461F-A821-AF7B80B371C9}.Debug|x64.ActiveCfg = Debug|x64
		{7A6F5616-F869-461F-A821-AF7B80B371C9}.Debug|x64.Build.0 = Debug|x64
		{7A6F5616-F869-461F-A821-AF7B80B371C9}.Debug|x86.ActiveCfg = Debug|Win32
		{7A6F5616-F869-461F-A821-AF7B80B371C9}.Debug|x86.Build.0 = Debug|Win32
		{7A6F5616-F869-461F-A821-AF7B80B371C9}.Release|x64.ActiveCfg = Release|x64
		{7A6F5616-F869-461F-A821-AF7B80B371C9}.Release|x64.Build.0 = Release|x64
		{7A6F5616-F869-461F-A821-AF7B80B371C9}.Release|x86.ActiveCfg = Release|Win32
		{7A6F5616-F869-461F-A821-AF7B80B371C9}.Release|x86.Build.0 = Release|Win32
	EndGlobalSection
	GlobalSection(SolutionProperties) = preSolution
		HideSolutionNode = FALSE
	EndGlobalSection
	GlobalSection(ExtensibilityGlobals) = postSolution
		SolutionGuid = {E2A1D379-69DB-4387-95EE-73D5E42EDC0B}
	EndGlobalSection
EndGlobal
